
Microsoft Visual Studio Solution File, Format Version 12.00
# Visual Studio Version 16
VisualStudioVersion = 16.0.30621.155
MinimumVisualStudioVersion = 10.0.40219.1
Project("{FAE04EC0-301F-11D3-BF4B-00C04F79EFBC}") = "MarEx", "MarEx\MarEx.csproj", "{EBEDCA1C-6213-4FD4-A61A-FF6AB3AD6FAB}"
EndProject
Global
	GlobalSection(SolutionConfigurationPlatforms) = preSolution
		Debug|Any CPU = Debug|Any CPU
		Release|Any CPU = Release|Any CPU
	EndGlobalSection
	GlobalSection(ProjectConfigurationPlatforms) = postSolution
		{EBEDCA1C-6213-4FD4-A61A-FF6AB3AD6FAB}.Debug|Any CPU.ActiveCfg = Debug|Any CPU
		{EBEDCA1C-6213-4FD4-A61A-FF6AB3AD6FAB}.Debug|Any CPU.Build.0 = Debug|Any CPU
		{EBEDCA1C-6213-4FD4-A61A-FF6AB3AD6FAB}.Release|Any CPU.ActiveCfg = Release|Any CPU
		{EBEDCA1C-6213-4FD4-A61A-FF6AB3AD6FAB}.Release|Any CPU.Build.0 = Release|Any CPU
	EndGlobalSection
	GlobalSection(SolutionProperties) = preSolution
		HideSolutionNode = FALSE
	EndGlobalSection
	GlobalSection(ExtensibilityGlobals) = postSolution
		SolutionGuid = {86500EA1-16AC-4BC3-A7BB-2F4A94F163CB}
	EndGlobalSection
EndGlobal
